{
  "originHash" : "51699f99cc256da9083acc27b47791a98033b353ddcf56d2a85376e30fd8cea7",
  "pins" : [
    {
      "identity" : "librime-xcframework",
      "kind" : "remoteSourceControl",
      "location" : "https://github.com/ghostflyby/librime-xcframework",
      "state" : {
        "revision" : "17539eb41629a669610add67cfe6a802bf577506",
        "version" : "1.17.0-pack.9.1.0"
      }
    },
    {
      "identity" : "rimekit",
      "kind" : "remoteSourceControl",
      "location" : "https://github.com/ghostflyby/RimeKit.git",
      "state" : {
        "revision" : "605a99899ac1a12ef8ae111cbfb067a200bc4385",
        "version" : "0.0.31"
      }
    },
    {
      "identity" : "swift-syntax",
      "kind" : "remoteSourceControl",
      "location" : "https://github.com/apple/swift-syntax.git",
      "state" : {
        "revision" : "79e4b74a295b6eb74a8b585e3a39d29e70c1dbd1",
        "version" : "603.0.2"
      }
    },
    {
      "identity" : "swiftxpc",
      "kind" : "remoteSourceControl",
      "location" : "https://github.com/ghostflyby/SwiftXPC.git",
      "state" : {
        "revision" : "3a94fba5479c90d039fbb6bf11200a8eaf78acf9",
        "version" : "0.6.1"
      }
    }
  ],
  "version" : 3
}
